
Microsoft Visual Studio Solution File, Format Version 12.00
# Visual Studio Version 16
VisualStudioVersion = 16.0.30413.136
MinimumVisualStudioVersion = 10.0.40219.1
Project("{FAE04EC0-301F-11D3-BF4B-00C04F79EFBC}") = "Northwind.Blazor", "Northwind.Blazor\Northwind.Blazor.csproj", "{354EF299-0E16-4AC0-AEC5-A9D9294AEB16}"
EndProject
Project("{FAE04EC0-301F-11D3-BF4B-00C04F79EFBC}") = "Northwind.Data", "Northwind.Data\Northwind.Data.csproj", "{E7B715E8-6BB2-4F87-90F4-F7220A592CC1}"
EndProject
Global
	GlobalSection(SolutionConfigurationPlatforms) = preSolution
		Debug|Any CPU = Debug|Any CPU
		Release|Any CPU = Release|Any CPU
	EndGlobalSection
	GlobalSection(ProjectConfigurationPlatforms) = postSolution
		{354EF299-0E16-4AC0-AEC5-A9D9294AEB16}.Debug|Any CPU.ActiveCfg = Debug|Any CPU
		{354EF299-0E16-4AC0-AEC5-A9D9294AEB16}.Debug|Any CPU.Build.0 = Debug|Any CPU
		{354EF299-0E16-4AC0-AEC5-A9D9294AEB16}.Release|Any CPU.ActiveCfg = Release|Any CPU
		{354EF299-0E16-4AC0-AEC5-A9D9294AEB16}.Release|Any CPU.Build.0 = Release|Any CPU
		{E7B715E8-6BB2-4F87-90F4-F7220A592CC1}.Debug|Any CPU.ActiveCfg = Debug|Any CPU
		{E7B715E8-6BB2-4F87-90F4-F7220A592CC1}.Debug|Any CPU.Build.0 = Debug|Any CPU
		{E7B715E8-6BB2-4F87-90F4-F7220A592CC1}.Release|Any CPU.ActiveCfg = Release|Any CPU
		{E7B715E8-6BB2-4F87-90F4-F7220A592CC1}.Release|Any CPU.Build.0 = Release|Any CPU
	EndGlobalSection
	GlobalSection(SolutionProperties) = preSolution
		HideSolutionNode = FALSE
	EndGlobalSection
	GlobalSection(ExtensibilityGlobals) = postSolution
		SolutionGuid = {95DCCE13-4754-42AC-9C21-03CB3C8968EC}
	EndGlobalSection
EndGlobal
